{
  "name": "NewProject",
  "requires": true,
  "lockfileVersion": 1,
  "dependencies": {
    "parse-bvh": {
      "version": "1.0.2",
      "resolved": "https://registry.npmmirror.com/parse-bvh/-/parse-bvh-1.0.2.tgz",
      "integrity": "sha512-pXho6jZ4ZFQ3g7WMgMAlF8S12KkvNw3XgEVcW9k0K/6/PaMnBgUMPuQWG4brIQeiRoAcVEwzzP9sjmiqOCewvw=="
    }
  }
}
